// !$*UTF8*$!
{
	archiveVersion = 1;
	classes = {
	};
	objectVersion = 46;
	objects = {

/* Begin PBXBuildFile section */
		1F5933DE1E13596E006AE40F /* AppDelegate.swift in Sources */ = {isa = PBXBuildFile; fileRef = 1F5933DD1E13596E006AE40F /* AppDelegate.swift */; };
		1F5933E01E13596E006AE40F /* ViewController.swift in Sources */ = {isa = PBXBuildFile; fileRef = 1F5933DF1E13596E006AE40F /* ViewController.swift */; };
		1F5933E31E13596E006AE40F /* Main.storyboard in Resources */ = {isa = PBXBuildFile; fileRef = 1F5933E11E13596E006AE40F /* Main.storyboard */; };
		1F5933E61E13596E006AE40F /* MedSync.xcdatamodeld in Sources */ = {isa = PBXBuildFile; fileRef = 1F5933E41E13596E006AE40F /* MedSync.xcdatamodeld */; };
		1F5933E81E13596E006AE40F /* Assets.xcassets in Resources */ = {isa = PBXBuildFile; fileRef = 1F5933E71E13596E006AE40F /* Assets.xcassets */; };
		1F5933EB1E13596E006AE40F /* LaunchScreen.storyboard in Resources */ = {isa = PBXBuildFile; fileRef = 1F5933E91E13596E006AE40F /* LaunchScreen.storyboard */; };
		1F5933F61E13596F006AE40F /* MedSyncTests.swift in Sources */ = {isa = PBXBuildFile; fileRef = 1F5933F51E13596F006AE40F /* MedSyncTests.swift */; };
		1F5934011E13596F006AE40F /* MedSyncUITests.swift in Sources */ = {isa = PBXBuildFile; fileRef = 1F5934001E13596F006AE40F /* MedSyncUITests.swift */; };
/* End PBXBuildFile section */

/* Begin PBXContainerItemProxy section */
		1F5933F21E13596F006AE40F /* PBXContainerItemProxy */ = {
			isa = PBXContainerItemProxy;
			containerPortal = 1F5933D21E13596E006AE40F /* Project object */;
			proxyType = 1;
			remoteGlobalIDString = 1F5933D91E13596E006AE40F;
			remoteInfo = MedSync;
		};
		1F5933FD1E13596F006AE40F /* PBXContainerItemProxy */ = {
			isa = PBXContainerItemProxy;
			containerPortal = 1F5933D21E13596E006AE40F /* Project object */;
			proxyType = 1;
			remoteGlobalIDString = 1F5933D91E13596E006AE40F;
			remoteInfo = MedSync;
		};
/* End PBXContainerItemProxy section */

/* Begin PBXFileReference section */
		1F5933DA1E13596E006AE40F /* MedSync.app */ = {isa = PBXFileReference; explicitFileType = wrapper.application; includeInIndex = 0; path = MedSync.app; sourceTree = BUILT_PRODUCTS_DIR; };
		1F5933DD1E13596E006AE40F /* AppDelegate.swift */ = {isa = PBXFileReference; lastKnownFileType = sourcecode.swift; path = AppDelegate.swift; sourceTree = "<group>"; };
		1F5933DF1E13596E006AE40F /* ViewController.swift */ = {isa = PBXFileReference; lastKnownFileType = sourcecode.swift; path = ViewController.swift; sourceTree = "<group>"; };
		1F5933E21E13596E006AE40F /* Base */ = {isa = PBXFileReference; lastKnownFileType = file.storyboard; name = Base; path = Base.lproj/Main.storyboard; sourceTree = "<group>"; };
		1F5933E51E13596E006AE40F /* MedSync.xcdatamodel */ = {isa = PBXFileReference; lastKnownFileType = wrapper.xcdatamodel; path = MedSync.xcdatamodel; sourceTree = "<group>"; };
		1F5933E71E13596E006AE40F /* Assets.xcassets */ = {isa = PBXFileReference; lastKnownFileType = folder.assetcatalog; path = Assets.xcassets; sourceTree = "<group>"; };
		1F5933EA1E13596E006AE40F /* Base */ = {isa = PBXFileReference; lastKnownFileType = file.storyboard; name = Base; path = Base.lproj/LaunchScreen.storyboard; sourceTree = "<group>"; };
		1F5933EC1E13596E006AE40F /* Info.plist */ = {isa = PBXFileReference; lastKnownFileType = text.plist.xml; path = Info.plist; sourceTree = "<group>"; };
		1F5933F11E13596F006AE40F /* MedSyncTests.xctest */ = {isa = PBXFileReference; explicitFileType = wrapper.cfbundle; includeInIndex = 0; path = MedSyncTests.xctest; sourceTree = BUILT_PRODUCTS_DIR; };
		1F5933F51E13596F006AE40F /* MedSyncTests.swift */ = {isa = PBXFileReference; lastKnownFileType = sourcecode.swift; path = MedSyncTests.swift; sourceTree = "<group>"; };
		1F5933F71E13596F006AE40F /* Info.plist */ = {isa = PBXFileReference; lastKnownFileType = text.plist.xml; path = Info.plist; sourceTree = "<group>"; };
		1F5933FC1E13596F006AE40F /* MedSyncUITests.xctest */ = {isa = PBXFileReference; explicitFileType = wrapper.cfbundle; includeInIndex = 0; path = MedSyncUITests.xctest; sourceTree = BUILT_PRODUCTS_DIR; };
		1F5934001E13596F006AE40F /* MedSyncUITests.swift */ = {isa = PBXFileReference; lastKnownFileType = sourcecode.swift; path = MedSyncUITests.swift; sourceTree = "<group>"; };
		1F5934021E13596F006AE40F /* Info.plist */ = {isa = PBXFileReference; lastKnownFileType = text.plist.xml; path = Info.plist; sourceTree = "<group>"; };
/* End PBXFileReference section */

/* Begin PBXFrameworksBuildPhase section */
		1F5933D71E13596E006AE40F /* Frameworks */ = {
			isa = PBXFrameworksBuildPhase;
			buildActionMask = 2147483647;
			files = (
			);
			runOnlyForDeploymentPostprocessing = 0;
		};
		1F5933EE1E13596F006AE40F /* Frameworks */ = {
			isa = PBXFrameworksBuildPhase;
			buildActionMask = 2147483647;
			files = (
			);
			runOnlyForDeploymentPostprocessing = 0;
		};
		1F5933F91E13596F006AE40F /* Frameworks */ = {
			isa = PBXFrameworksBuildPhase;
			buildActionMask = 2147483647;
			files = (
			);
			runOnlyForDeploymentPostprocessing = 0;
		};
/* End PBXFrameworksBuildPhase section */

/* Begin PBXGroup section */
		1F5933D11E13596E006AE40F = {
			isa = PBXGroup;
			children = (
				1F5933DC1E13596E006AE40F /* MedSync */,
				1F5933F41E13596F006AE40F /* MedSyncTests */,
				1F5933FF1E13596F006AE40F /* MedSyncUITests */,
				1F5933DB1E13596E006AE40F /* Products */,
			);
			sourceTree = "<group>";
		};
		1F5933DB1E13596E006AE40F /* Products */ = {
			isa = PBXGroup;
			children = (
				1F5933DA1E13596E006AE40F /* MedSync.app */,
				1F5933F11E13596F006AE40F /* MedSyncTests.xctest */,
				1F5933FC1E13596F006AE40F /* MedSyncUITests.xctest */,
			);
			name = Products;
			sourceTree = "<group>";
		};
		1F5933DC1E13596E006AE40F /* MedSync */ = {
			isa = PBXGroup;
			children = (
				1F5933DD1E13596E006AE40F /* AppDelegate.swift */,
				1F5933DF1E13596E006AE40F /* ViewController.swift */,
				1F5933E11E13596E006AE40F /* Main.storyboard */,
				1F5933E71E13596E006AE40F /* Assets.xcassets */,
				1F5933E91E13596E006AE40F /* LaunchScreen.storyboard */,
				1F5933EC1E13596E006AE40F /* Info.plist */,
				1F5933E41E13596E006AE40F /* MedSync.xcdatamodeld */,
			);
			path = MedSync;
			sourceTree = "<group>";
		};
		1F5933F41E13596F006AE40F /* MedSyncTests */ = {
			isa = PBXGroup;
			children = (
				1F5933F51E13596F006AE40F /* MedSyncTests.swift */,
				1F5933F71E13596F006AE40F /* Info.plist */,
			);
			path = MedSyncTests;
			sourceTree = "<group>";
		};
		1F5933FF1E13596F006AE40F /* MedSyncUITests */ = {
			isa = PBXGroup;
			children = (
				1F5934001E13596F006AE40F /* MedSyncUITests.swift */,
				1F5934021E13596F006AE40F /* Info.plist */,
			);
			path = MedSyncUITests;
			sourceTree = "<group>";
		};
/* End PBXGroup section */

/* Begin PBXNativeTarget section */
		1F5933D91E13596E006AE40F /* MedSync */ = {
			isa = PBXNativeTarget;
			buildConfigurationList = 1F5934051E13596F006AE40F /* Build configuration list for PBXNativeTarget "MedSync" */;
			buildPhases = (
				1F5933D61E13596E006AE40F /* Sources */,
				1F5933D71E13596E006AE40F /* Frameworks */,
				1F5933D81E13596E006AE40F /* Resources */,
			);
			buildRules = (
			);
			dependencies = (
			);
			name = MedSync;
			productName = MedSync;
			productReference = 1F5933DA1E13596E006AE40F /* MedSync.app */;
			productType = "com.apple.product-type.application";
		};
		1F5933F01E13596F006AE40F /* MedSyncTests */ = {
			isa = PBXNativeTarget;
			buildConfigurationList = 1F5934081E13596F006AE40F /* Build configuration list for PBXNativeTarget "MedSyncTests" */;
			buildPhases = (
				1F5933ED1E13596F006AE40F /* Sources */,
				1F5933EE1E13596F006AE40F /* Frameworks */,
				1F5933EF1E13596F006AE40F /* Resources */,
			);
			buildRules = (
			);
			dependencies = (
				1F5933F31E13596F006AE40F /* PBXTargetDependency */,
			);
			name = MedSyncTests;
			productName = MedSyncTests;
			productReference = 1F5933F11E13596F006AE40F /* MedSyncTests.xctest */;
			productType = "com.apple.product-type.bundle.unit-test";
		};
		1F5933FB1E13596F006AE40F /* MedSyncUITests */ = {
			isa = PBXNativeTarget;
			buildConfigurationList = 1F59340B1E13596F006AE40F /* Build configuration list for PBXNativeTarget "MedSyncUITests" */;
			buildPhases = (
				1F5933F81E13596F006AE40F /* Sources */,
				1F5933F91E13596F006AE40F /* Frameworks */,
				1F5933FA1E13596F006AE40F /* Resources */,
			);
			buildRules = (
			);
			dependencies = (
				1F5933FE1E13596F006AE40F /* PBXTargetDependency */,
			);
			name = MedSyncUITests;
			productName = MedSyncUITests;
			productReference = 1F5933FC1E13596F006AE40F /* MedSyncUITests.xctest */;
			productType = "com.apple.product-type.bundle.ui-testing";
		};
/* End PBXNativeTarget section */

/* Begin PBXProject section */
		1F5933D21E13596E006AE40F /* Project object */ = {
			isa = PBXProject;
			attributes = {
				LastSwiftUpdateCheck = 0800;
				LastUpgradeCheck = 0800;
				ORGANIZATIONNAME = Danth;
				TargetAttributes = {
					1F5933D91E13596E006AE40F = {
						CreatedOnToolsVersion = 8.0;
						ProvisioningStyle = Automatic;
					};
					1F5933F01E13596F006AE40F = {
						CreatedOnToolsVersion = 8.0;
						ProvisioningStyle = Automatic;
						TestTargetID = 1F5933D91E13596E006AE40F;
					};
					1F5933FB1E13596F006AE40F = {
						CreatedOnToolsVersion = 8.0;
						ProvisioningStyle = Automatic;
						TestTargetID = 1F5933D91E13596E006AE40F;
					};
				};
			};
			buildConfigurationList = 1F5933D51E13596E006AE40F /* Build configuration list for PBXProject "MedSync" */;
			compatibilityVersion = "Xcode 3.2";
			developmentRegion = English;
			hasScannedForEncodings = 0;
			knownRegions = (
				en,
				Base,
			);
			mainGroup = 1F5933D11E13596E006AE40F;
			productRefGroup = 1F5933DB1E13596E006AE40F /* Products */;
			projectDirPath = "";
			projectRoot = "";
			targets = (
				1F5933D91E13596E006AE40F /* MedSync */,
				1F5933F01E13596F006AE40F /* MedSyncTests */,
				1F5933FB1E13596F006AE40F /* MedSyncUITests */,
			);
		};
/* End PBXProject section */

/* Begin PBXResourcesBuildPhase section */
		1F5933D81E13596E006AE40F /* Resources */ = {
			isa = PBXResourcesBuildPhase;
			buildActionMask = 2147483647;
			files = (
				1F5933EB1E13596E006AE40F /* LaunchScreen.storyboard in Resources */,
				1F5933E81E13596E006AE40F /* Assets.xcassets in Resources */,
				1F5933E31E13596E006AE40F /* Main.storyboard in Resources */,
			);
			runOnlyForDeploymentPostprocessing = 0;
		};
		1F5933EF1E13596F006AE40F /* Resources */ = {
			isa = PBXResourcesBuildPhase;
			buildActionMask = 2147483647;
			files = (
			);
			runOnlyForDeploymentPostprocessing = 0;
		};
		1F5933FA1E13596F006AE40F /* Resources */ = {
			isa = PBXResourcesBuildPhase;
			buildActionMask = 2147483647;
			files = (
			);
			runOnlyForDeploymentPostprocessing = 0;
		};
/* End PBXResourcesBuildPhase section */

/* Begin PBXSourcesBuildPhase section */
		1F5933D61E13596E006AE40F /* Sources */ = {
			isa = PBXSourcesBuildPhase;
			buildActionMask = 2147483647;
			files = (
				1F5933E61E13596E006AE40F /* MedSync.xcdatamodeld in Sources */,
				1F5933E01E13596E006AE40F /* ViewController.swift in Sources */,
				1F5933DE1E13596E006AE40F /* AppDelegate.swift in Sources */,
			);
			runOnlyForDeploymentPostprocessing = 0;
		};
		1F5933ED1E13596F006AE40F /* Sources */ = {
			isa = PBXSourcesBuildPhase;
			buildActionMask = 2147483647;
			files = (
				1F5933F61E13596F006AE40F /* MedSyncTests.swift in Sources */,
			);
			runOnlyForDeploymentPostprocessing = 0;
		};
		1F5933F81E13596F006AE40F /* Sources */ = {
			isa = PBXSourcesBuildPhase;
			buildActionMask = 2147483647;
			files = (
				1F5934011E13596F006AE40F /* MedSyncUITests.swift in Sources */,
			);
			runOnlyForDeploymentPostprocessing = 0;
		};
/* End PBXSourcesBuildPhase section */

/* Begin PBXTargetDependency section */
		1F5933F31E13596F006AE40F /* PBXTargetDependency */ = {
			isa = PBXTargetDependency;
			target = 1F5933D91E13596E006AE40F /* MedSync */;
			targetProxy = 1F5933F21E13596F006AE40F /* PBXContainerItemProxy */;
		};
		1F5933FE1E13596F006AE40F /* PBXTargetDependency */ = {
			isa = PBXTargetDependency;
			target = 1F5933D91E13596E006AE40F /* MedSync */;
			targetProxy = 1F5933FD1E13596F006AE40F /* PBXContainerItemProxy */;
		};
/* End PBXTargetDependency section */

/* Begin PBXVariantGroup section */
		1F5933E11E13596E006AE40F /* Main.storyboard */ = {
			isa = PBXVariantGroup;
			children = (
				1F5933E21E13596E006AE40F /* Base */,
			);
			name = Main.storyboard;
			sourceTree = "<group>";
		};
		1F5933E91E13596E006AE40F /* LaunchScreen.storyboard */ = {
			isa = PBXVariantGroup;
			children = (
				1F5933EA1E13596E006AE40F /* Base */,
			);
			name = LaunchScreen.storyboard;
			sourceTree = "<group>";
		};
/* End PBXVariantGroup section */

/* Begin XCBuildConfiguration section */
		1F5934031E13596F006AE40F /* Debug */ = {
			isa = XCBuildConfiguration;
			buildSettings = {
				ALWAYS_SEARCH_USER_PATHS = NO;
				CLANG_ANALYZER_NONNULL = YES;
				CLANG_CXX_LANGUAGE_STANDARD = "gnu++0x";
				CLANG_CXX_LIBRARY = "libc++";
				CLANG_ENABLE_MODULES = YES;
				CLANG_ENABLE_OBJC_ARC = YES;
				CLANG_WARN_BOOL_CONVERSION = YES;
				CLANG_WARN_CONSTANT_CONVERSION = YES;
				CLANG_WARN_DIRECT_OBJC_ISA_USAGE = YES_ERROR;
				CLANG_WARN_DOCUMENTATION_COMMENTS = YES;
				CLANG_WARN_EMPTY_BODY = YES;
				CLANG_WARN_ENUM_CONVERSION = YES;
				CLANG_WARN_INFINITE_RECURSION = YES;
				CLANG_WARN_INT_CONVERSION = YES;
				CLANG_WARN_OBJC_ROOT_CLASS = YES_ERROR;
				CLANG_WARN_SUSPICIOUS_MOVES = YES;
				CLANG_WARN_UNREACHABLE_CODE = YES;
				CLANG_WARN__DUPLICATE_METHOD_MATCH = YES;
				"CODE_SIGN_IDENTITY[sdk=iphoneos*]" = "iPhone Developer";
				COPY_PHASE_STRIP = NO;
				DEBUG_INFORMATION_FORMAT = dwarf;
				ENABLE_STRICT_OBJC_MSGSEND = YES;
				ENABLE_TESTABILITY = YES;
				GCC_C_LANGUAGE_STANDARD = gnu99;
				GCC_DYNAMIC_NO_PIC = NO;
				GCC_NO_COMMON_BLOCKS = YES;
				GCC_OPTIMIZATION_LEVEL = 0;
				GCC_PREPROCESSOR_DEFINITIONS = (
					"DEBUG=1",
					"$(inherited)",
				);
				GCC_WARN_64_TO_32_BIT_CONVERSION = YES;
				GCC_WARN_ABOUT_RETURN_TYPE = YES_ERROR;
				GCC_WARN_UNDECLARED_SELECTOR = YES;
				GCC_WARN_UNINITIALIZED_AUTOS = YES_AGGRESSIVE;
				GCC_WARN_UNUSED_FUNCTION = YES;
				GCC_WARN_UNUSED_VARIABLE = YES;
				IPHONEOS_DEPLOYMENT_TARGET = 10.0;
				MTL_ENABLE_DEBUG_INFO = YES;
				ONLY_ACTIVE_ARCH = YES;
				SDKROOT = iphoneos;
				SWIFT_ACTIVE_COMPILATION_CONDITIONS = DEBUG;
				SWIFT_OPTIMIZATION_LEVEL = "-Onone";
			};
			name = Debug;
		};
		1F5934041E13596F006AE40F /* Release */ = {
			isa = XCBuildConfiguration;
			buildSettings = {
				ALWAYS_SEARCH_USER_PATHS = NO;
				CLANG_ANALYZER_NONNULL = YES;
				CLANG_CXX_LANGUAGE_STANDARD = "gnu++0x";
				CLANG_CXX_LIBRARY = "libc++";
				CLANG_ENABLE_MODULES = YES;
				CLANG_ENABLE_OBJC_ARC = YES;
				CLANG_WARN_BOOL_CONVERSION = YES;
				CLANG_WARN_CONSTANT_CONVERSION = YES;
				CLANG_WARN_DIRECT_OBJC_ISA_USAGE = YES_ERROR;
				CLANG_WARN_DOCUMENTATION_COMMENTS = YES;
				CLANG_WARN_EMPTY_BODY = YES;
				CLANG_WARN_ENUM_CONVERSION = YES;
				CLANG_WARN_INFINITE_RECURSION = YES;
				CLANG_WARN_INT_CONVERSION = YES;
				CLANG_WARN_OBJC_ROOT_CLASS = YES_ERROR;
				CLANG_WARN_SUSPICIOUS_MOVES = YES;
				CLANG_WARN_UNREACHABLE_CODE = YES;
				CLANG_WARN__DUPLICATE_METHOD_MATCH = YES;
				"CODE_SIGN_IDENTITY[sdk=iphoneos*]" = "iPhone Developer";
				COPY_PHASE_STRIP = NO;
				DEBUG_INFORMATION_FORMAT = "dwarf-with-dsym";
				ENABLE_NS_ASSERTIONS = NO;
				ENABLE_STRICT_OBJC_MSGSEND = YES;
				GCC_C_LANGUAGE_STANDARD = gnu99;
				GCC_NO_COMMON_BLOCKS = YES;
				GCC_WARN_64_TO_32_BIT_CONVERSION = YES;
				GCC_WARN_ABOUT_RETURN_TYPE = YES_ERROR;
				GCC_WARN_UNDECLARED_SELECTOR = YES;
				GCC_WARN_UNINITIALIZED_AUTOS = YES_AGGRESSIVE;
				GCC_WARN_UNUSED_FUNCTION = YES;
				GCC_WARN_UNUSED_VARIABLE = YES;
				IPHONEOS_DEPLOYMENT_TARGET = 10.0;
				MTL_ENABLE_DEBUG_INFO = NO;
				SDKROOT = iphoneos;
				SWIFT_OPTIMIZATION_LEVEL = "-Owholemodule";
				VALIDATE_PRODUCT = YES;
			};
			name = Release;
		};
		1F5934061E13596F006AE40F /* Debug */ = {
			isa = XCBuildConfiguration;
			buildSettings = {
				ASSETCATALOG_COMPILER_APPICON_NAME = AppIcon;
				INFOPLIST_FILE = MedSync/Info.plist;
				LD_RUNPATH_SEARCH_PATHS = "$(inherited) @executable_path/Frameworks";
				PRODUCT_BUNDLE_IDENTIFIER = com.Eddie.MedSync;
				PRODUCT_NAME = "$(TARGET_NAME)";
				SWIFT_VERSION = 3.0;
			};
			name = Debug;
		};
		1F5934071E13596F006AE40F /* Release */ = {
			isa = XCBuildConfiguration;
			buildSettings = {
				ASSETCATALOG_COMPILER_APPICON_NAME = AppIcon;
				INFOPLIST_FILE = MedSync/Info.plist;
				LD_RUNPATH_SEARCH_PATHS = "$(inherited) @executable_path/Frameworks";
				PRODUCT_BUNDLE_IDENTIFIER = com.Eddie.MedSync;
				PRODUCT_NAME = "$(TARGET_NAME)";
				SWIFT_VERSION = 3.0;
			};
			name = Release;
		};
		1F5934091E13596F006AE40F /* Debug */ = {
			isa = XCBuildConfiguration;
			buildSettings = {
				ALWAYS_EMBED_SWIFT_STANDARD_LIBRARIES = YES;
				BUNDLE_LOADER = "$(TEST_HOST)";
				INFOPLIST_FILE = MedSyncTests/Info.plist;
				LD_RUNPATH_SEARCH_PATHS = "$(inherited) @executable_path/Frameworks @loader_path/Frameworks";
				PRODUCT_BUNDLE_IDENTIFIER = com.Eddie.MedSyncTests;
				PRODUCT_NAME = "$(TARGET_NAME)";
				SWIFT_VERSION = 3.0;
				TEST_HOST = "$(BUILT_PRODUCTS_DIR)/MedSync.app/MedSync";
			};
			name = Debug;
		};
		1F59340A1E13596F006AE40F /* Release */ = {
			isa = XCBuildConfiguration;
			buildSettings = {
				ALWAYS_EMBED_SWIFT_STANDARD_LIBRARIES = YES;
				BUNDLE_LOADER = "$(TEST_HOST)";
				INFOPLIST_FILE = MedSyncTests/Info.plist;
				LD_RUNPATH_SEARCH_PATHS = "$(inherited) @executable_path/Frameworks @loader_path/Frameworks";
				PRODUCT_BUNDLE_IDENTIFIER = com.Eddie.MedSyncTests;
				PRODUCT_NAME = "$(TARGET_NAME)";
				SWIFT_VERSION = 3.0;
				TEST_HOST = "$(BUILT_PRODUCTS_DIR)/MedSync.app/MedSync";
			};
			name = Release;
		};
		1F59340C1E13596F006AE40F /* Debug */ = {
			isa = XCBuildConfiguration;
			buildSettings = {
				ALWAYS_EMBED_SWIFT_STANDARD_LIBRARIES = YES;
				INFOPLIST_FILE = MedSyncUITests/Info.plist;
				LD_RUNPATH_SEARCH_PATHS = "$(inherited) @executable_path/Frameworks @loader_path/Frameworks";
				PRODUCT_BUNDLE_IDENTIFIER = com.Eddie.MedSyncUITests;
				PRODUCT_NAME = "$(TARGET_NAME)";
				SWIFT_VERSION = 3.0;
				TEST_TARGET_NAME = MedSync;
			};
			name = Debug;
		};
		1F59340D1E13596F006AE40F /* Release */ = {
			isa = XCBuildConfiguration;
			buildSettings = {
				ALWAYS_EMBED_SWIFT_STANDARD_LIBRARIES = YES;
				INFOPLIST_FILE = MedSyncUITests/Info.plist;
				LD_RUNPATH_SEARCH_PATHS = "$(inherited) @executable_path/Frameworks @loader_path/Frameworks";
				PRODUCT_BUNDLE_IDENTIFIER = com.Eddie.MedSyncUITests;
				PRODUCT_NAME = "$(TARGET_NAME)";
				SWIFT_VERSION = 3.0;
				TEST_TARGET_NAME = MedSync;
			};
			name = Release;
		};
/* End XCBuildConfiguration section */

/* Begin XCConfigurationList section */
		1F5933D51E13596E006AE40F /* Build configuration list for PBXProject "MedSync" */ = {
			isa = XCConfigurationList;
			buildConfigurations = (
				1F5934031E13596F006AE40F /* Debug */,
				1F5934041E13596F006AE40F /* Release */,
			);
			defaultConfigurationIsVisible = 0;
			defaultConfigurationName = Release;
		};
		1F5934051E13596F006AE40F /* Build configuration list for PBXNativeTarget "MedSync" */ = {
			isa = XCConfigurationList;
			buildConfigurations = (
				1F5934061E13596F006AE40F /* Debug */,
				1F5934071E13596F006AE40F /* Release */,
			);
			defaultConfigurationIsVisible = 0;
			defaultConfigurationName = Release;
		};
		1F5934081E13596F006AE40F /* Build configuration list for PBXNativeTarget "MedSyncTests" */ = {
			isa = XCConfigurationList;
			buildConfigurations = (
				1F5934091E13596F006AE40F /* Debug */,
				1F59340A1E13596F006AE40F /* Release */,
			);
			defaultConfigurationIsVisible = 0;
			defaultConfigurationName = Release;
		};
		1F59340B1E13596F006AE40F /* Build configuration list for PBXNativeTarget "MedSyncUITests" */ = {
			isa = XCConfigurationList;
			buildConfigurations = (
				1F59340C1E13596F006AE40F /* Debug */,
				1F59340D1E13596F006AE40F /* Release */,
			);
			defaultConfigurationIsVisible = 0;
			defaultConfigurationName = Release;
		};
/* End XCConfigurationList section */

/* Begin XCVersionGroup section */
		1F5933E41E13596E006AE40F /* MedSync.xcdatamodeld */ = {
			isa = XCVersionGroup;
			children = (
				1F5933E51E13596E006AE40F /* MedSync.xcdatamodel */,
			);
			currentVersion = 1F5933E51E13596E006AE40F /* MedSync.xcdatamodel */;
			path = MedSync.xcdatamodeld;
			sourceTree = "<group>";
			versionGroupType = wrapper.xcdatamodel;
		};
/* End XCVersionGroup section */
	};
	rootObject = 1F5933D21E13596E006AE40F /* Project object */;
}
