// !$*UTF8*$!
{
	archiveVersion = 1;
	classes = {
	};
	objectVersion = 46;
	objects = {

/* Begin PBXBuildFile section */
		1FB3F7FB1EE6E6A000DD3AF7 /* main.cpp in Sources */ = {isa = PBXBuildFile; fileRef = 1FB3F7FA1EE6E6A000DD3AF7 /* main.cpp */; };
/* End PBXBuildFile section */

/* Begin PBXCopyFilesBuildPhase section */
		1FB3F7F51EE6E6A000DD3AF7 /* CopyFiles */ = {
			isa = PBXCopyFilesBuildPhase;
			buildActionMask = 2147483647;
			dstPath = /usr/share/man/man1/;
			dstSubfolderSpec = 0;
			files = (
			);
			runOnlyForDeploymentPostprocessing = 1;
		};
/* End PBXCopyFilesBuildPhase section */

/* Begin PBXFileReference section */
		1FB3F7F71EE6E6A000DD3AF7 /* The_Odd_One */ = {isa = PBXFileReference; explicitFileType = "compiled.mach-o.executable"; includeInIndex = 0; path = The_Odd_One; sourceTree = BUILT_PRODUCTS_DIR; };
		1FB3F7FA1EE6E6A000DD3AF7 /* main.cpp */ = {isa = PBXFileReference; lastKnownFileType = sourcecode.cpp.cpp; path = main.cpp; sourceTree = "<group>"; };
/* End PBXFileReference section */

/* Begin PBXFrameworksBuildPhase section */
		1FB3F7F41EE6E6A000DD3AF7 /* Frameworks */ = {
			isa = PBXFrameworksBuildPhase;
			buildActionMask = 2147483647;
			files = (
			);
			runOnlyForDeploymentPostprocessing = 0;
		};
/* End PBXFrameworksBuildPhase section */

/* Begin PBXGroup section */
		1FB3F7EE1EE6E6A000DD3AF7 = {
			isa = PBXGroup;
			children = (
				1FB3F7F91EE6E6A000DD3AF7 /* The_Odd_One */,
				1FB3F7F81EE6E6A000DD3AF7 /* Products */,
			);
			sourceTree = "<group>";
		};
		1FB3F7F81EE6E6A000DD3AF7 /* Products */ = {
			isa = PBXGroup;
			children = (
				1FB3F7F71EE6E6A000DD3AF7 /* The_Odd_One */,
			);
			name = Products;
			sourceTree = "<group>";
		};
		1FB3F7F91EE6E6A000DD3AF7 /* The_Odd_One */ = {
			isa = PBXGroup;
			children = (
				1FB3F7FA1EE6E6A000DD3AF7 /* main.cpp */,
			);
			path = The_Odd_One;
			sourceTree = "<group>";
		};
/* End PBXGroup section */

/* Begin PBXNativeTarget section */
		1FB3F7F61EE6E6A000DD3AF7 /* The_Odd_One */ = {
			isa = PBXNativeTarget;
			buildConfigurationList = 1FB3F7FE1EE6E6A000DD3AF7 /* Build configuration list for PBXNativeTarget "The_Odd_One" */;
			buildPhases = (
				1FB3F7F31EE6E6A000DD3AF7 /* Sources */,
				1FB3F7F41EE6E6A000DD3AF7 /* Frameworks */,
				1FB3F7F51EE6E6A000DD3AF7 /* CopyFiles */,
			);
			buildRules = (
			);
			dependencies = (
			);
			name = The_Odd_One;
			productName = The_Odd_One;
			productReference = 1FB3F7F71EE6E6A000DD3AF7 /* The_Odd_One */;
			productType = "com.apple.product-type.tool";
		};
/* End PBXNativeTarget section */

/* Begin PBXProject section */
		1FB3F7EF1EE6E6A000DD3AF7 /* Project object */ = {
			isa = PBXProject;
			attributes = {
				LastUpgradeCheck = 0830;
				ORGANIZATIONNAME = "Recycle Canada";
				TargetAttributes = {
					1FB3F7F61EE6E6A000DD3AF7 = {
						CreatedOnToolsVersion = 8.3.2;
						DevelopmentTeam = 4BA7JNM5VD;
						ProvisioningStyle = Automatic;
					};
				};
			};
			buildConfigurationList = 1FB3F7F21EE6E6A000DD3AF7 /* Build configuration list for PBXProject "The_Odd_One" */;
			compatibilityVersion = "Xcode 3.2";
			developmentRegion = English;
			hasScannedForEncodings = 0;
			knownRegions = (
				en,
			);
			mainGroup = 1FB3F7EE1EE6E6A000DD3AF7;
			productRefGroup = 1FB3F7F81EE6E6A000DD3AF7 /* Products */;
			projectDirPath = "";
			projectRoot = "";
			targets = (
				1FB3F7F61EE6E6A000DD3AF7 /* The_Odd_One */,
			);
		};
/* End PBXProject section */

/* Begin PBXSourcesBuildPhase section */
		1FB3F7F31EE6E6A000DD3AF7 /* Sources */ = {
			isa = PBXSourcesBuildPhase;
			buildActionMask = 2147483647;
			files = (
				1FB3F7FB1EE6E6A000DD3AF7 /* main.cpp in Sources */,
			);
			runOnlyForDeploymentPostprocessing = 0;
		};
/* End PBXSourcesBuildPhase section */

/* Begin XCBuildConfiguration section */
		1FB3F7FC1EE6E6A000DD3AF7 /* Debug */ = {
			isa = XCBuildConfiguration;
			buildSettings = {
				ALWAYS_SEARCH_USER_PATHS = NO;
				CLANG_ANALYZER_NONNULL = YES;
				CLANG_ANALYZER_NUMBER_OBJECT_CONVERSION = YES_AGGRESSIVE;
				CLANG_CXX_LANGUAGE_STANDARD = "gnu++0x";
				CLANG_CXX_LIBRARY = "libc++";
				CLANG_ENABLE_MODULES = YES;
				CLANG_ENABLE_OBJC_ARC = YES;
				CLANG_WARN_BOOL_CONVERSION = YES;
				CLANG_WARN_CONSTANT_CONVERSION = YES;
				CLANG_WARN_DIRECT_OBJC_ISA_USAGE = YES_ERROR;
				CLANG_WARN_DOCUMENTATION_COMMENTS = YES;
				CLANG_WARN_EMPTY_BODY = YES;
				CLANG_WARN_ENUM_CONVERSION = YES;
				CLANG_WARN_INFINITE_RECURSION = YES;
				CLANG_WARN_INT_CONVERSION = YES;
				CLANG_WARN_OBJC_ROOT_CLASS = YES_ERROR;
				CLANG_WARN_SUSPICIOUS_MOVE = YES;
				CLANG_WARN_UNREACHABLE_CODE = YES;
				CLANG_WARN__DUPLICATE_METHOD_MATCH = YES;
				CODE_SIGN_IDENTITY = "-";
				COPY_PHASE_STRIP = NO;
				DEBUG_INFORMATION_FORMAT = dwarf;
				ENABLE_STRICT_OBJC_MSGSEND = YES;
				ENABLE_TESTABILITY = YES;
				GCC_C_LANGUAGE_STANDARD = gnu99;
				GCC_DYNAMIC_NO_PIC = NO;
				GCC_NO_COMMON_BLOCKS = YES;
				GCC_OPTIMIZATION_LEVEL = 0;
				GCC_PREPROCESSOR_DEFINITIONS = (
					"DEBUG=1",
					"$(inherited)",
				);
				GCC_WARN_64_TO_32_BIT_CONVERSION = YES;
				GCC_WARN_ABOUT_RETURN_TYPE = YES_ERROR;
				GCC_WARN_UNDECLARED_SELECTOR = YES;
				GCC_WARN_UNINITIALIZED_AUTOS = YES_AGGRESSIVE;
				GCC_WARN_UNUSED_FUNCTION = YES;
				GCC_WARN_UNUSED_VARIABLE = YES;
				MACOSX_DEPLOYMENT_TARGET = 10.12;
				MTL_ENABLE_DEBUG_INFO = YES;
				ONLY_ACTIVE_ARCH = YES;
				SDKROOT = macosx;
			};
			name = Debug;
		};
		1FB3F7FD1EE6E6A000DD3AF7 /* Release */ = {
			isa = XCBuildConfiguration;
			buildSettings = {
				ALWAYS_SEARCH_USER_PATHS = NO;
				CLANG_ANALYZER_NONNULL = YES;
				CLANG_ANALYZER_NUMBER_OBJECT_CONVERSION = YES_AGGRESSIVE;
				CLANG_CXX_LANGUAGE_STANDARD = "gnu++0x";
				CLANG_CXX_LIBRARY = "libc++";
				CLANG_ENABLE_MODULES = YES;
				CLANG_ENABLE_OBJC_ARC = YES;
				CLANG_WARN_BOOL_CONVERSION = YES;
				CLANG_WARN_CONSTANT_CONVERSION = YES;
				CLANG_WARN_DIRECT_OBJC_ISA_USAGE = YES_ERROR;
				CLANG_WARN_DOCUMENTATION_COMMENTS = YES;
				CLANG_WARN_EMPTY_BODY = YES;
				CLANG_WARN_ENUM_CONVERSION = YES;
				CLANG_WARN_INFINITE_RECURSION = YES;
				CLANG_WARN_INT_CONVERSION = YES;
				CLANG_WARN_OBJC_ROOT_CLASS = YES_ERROR;
				CLANG_WARN_SUSPICIOUS_MOVE = YES;
				CLANG_WARN_UNREACHABLE_CODE = YES;
				CLANG_WARN__DUPLICATE_METHOD_MATCH = YES;
				CODE_SIGN_IDENTITY = "-";
				COPY_PHASE_STRIP = NO;
				DEBUG_INFORMATION_FORMAT = "dwarf-with-dsym";
				ENABLE_NS_ASSERTIONS = NO;
				ENABLE_STRICT_OBJC_MSGSEND = YES;
				GCC_C_LANGUAGE_STANDARD = gnu99;
				GCC_NO_COMMON_BLOCKS = YES;
				GCC_WARN_64_TO_32_BIT_CONVERSION = YES;
				GCC_WARN_ABOUT_RETURN_TYPE = YES_ERROR;
				GCC_WARN_UNDECLARED_SELECTOR = YES;
				GCC_WARN_UNINITIALIZED_AUTOS = YES_AGGRESSIVE;
				GCC_WARN_UNUSED_FUNCTION = YES;
				GCC_WARN_UNUSED_VARIABLE = YES;
				MACOSX_DEPLOYMENT_TARGET = 10.12;
				MTL_ENABLE_DEBUG_INFO = NO;
				SDKROOT = macosx;
			};
			name = Release;
		};
		1FB3F7FF1EE6E6A000DD3AF7 /* Debug */ = {
			isa = XCBuildConfiguration;
			buildSettings = {
				DEVELOPMENT_TEAM = 4BA7JNM5VD;
				PRODUCT_NAME = "$(TARGET_NAME)";
			};
			name = Debug;
		};
		1FB3F8001EE6E6A000DD3AF7 /* Release */ = {
			isa = XCBuildConfiguration;
			buildSettings = {
				DEVELOPMENT_TEAM = 4BA7JNM5VD;
				PRODUCT_NAME = "$(TARGET_NAME)";
			};
			name = Release;
		};
/* End XCBuildConfiguration section */

/* Begin XCConfigurationList section */
		1FB3F7F21EE6E6A000DD3AF7 /* Build configuration list for PBXProject "The_Odd_One" */ = {
			isa = XCConfigurationList;
			buildConfigurations = (
				1FB3F7FC1EE6E6A000DD3AF7 /* Debug */,
				1FB3F7FD1EE6E6A000DD3AF7 /* Release */,
			);
			defaultConfigurationIsVisible = 0;
			defaultConfigurationName = Release;
		};
		1FB3F7FE1EE6E6A000DD3AF7 /* Build configuration list for PBXNativeTarget "The_Odd_One" */ = {
			isa = XCConfigurationList;
			buildConfigurations = (
				1FB3F7FF1EE6E6A000DD3AF7 /* Debug */,
				1FB3F8001EE6E6A000DD3AF7 /* Release */,
			);
			defaultConfigurationIsVisible = 0;
		};
/* End XCConfigurationList section */
	};
	rootObject = 1FB3F7EF1EE6E6A000DD3AF7 /* Project object */;
}
