// !$*UTF8*$!
{
	archiveVersion = 1;
	classes = {
	};
	objectVersion = 46;
	objects = {

/* Begin PBXBuildFile section */
		1F53A2631E898C8B0091FF94 /* Student.cpp in Sources */ = {isa = PBXBuildFile; fileRef = 1F53A2611E898C8B0091FF94 /* Student.cpp */; };
		1F53A2671E898CC70091FF94 /* Courses.cpp in Sources */ = {isa = PBXBuildFile; fileRef = 1F53A2651E898CC70091FF94 /* Courses.cpp */; };
		1F53A26B1E898CF00091FF94 /* Person.cpp in Sources */ = {isa = PBXBuildFile; fileRef = 1F53A2691E898CF00091FF94 /* Person.cpp */; };
		1F53A26E1E8990170091FF94 /* Teacher.cpp in Sources */ = {isa = PBXBuildFile; fileRef = 1F53A26D1E8990170091FF94 /* Teacher.cpp */; };
		1F5FF08B1E70939B0018AA13 /* main.cpp in Sources */ = {isa = PBXBuildFile; fileRef = 1F5FF08A1E70939B0018AA13 /* main.cpp */; };
		1F5FF0921E7094A00018AA13 /* Classes.cpp in Sources */ = {isa = PBXBuildFile; fileRef = 1F5FF0911E7094A00018AA13 /* Classes.cpp */; };
/* End PBXBuildFile section */

/* Begin PBXCopyFilesBuildPhase section */
		1F5FF0851E70939B0018AA13 /* CopyFiles */ = {
			isa = PBXCopyFilesBuildPhase;
			buildActionMask = 2147483647;
			dstPath = /usr/share/man/man1/;
			dstSubfolderSpec = 0;
			files = (
			);
			runOnlyForDeploymentPostprocessing = 1;
		};
/* End PBXCopyFilesBuildPhase section */

/* Begin PBXFileReference section */
		1F53A2611E898C8B0091FF94 /* Student.cpp */ = {isa = PBXFileReference; fileEncoding = 4; lastKnownFileType = sourcecode.cpp.cpp; path = Student.cpp; sourceTree = "<group>"; };
		1F53A2641E898C9F0091FF94 /* Student.h */ = {isa = PBXFileReference; lastKnownFileType = sourcecode.c.h; path = Student.h; sourceTree = "<group>"; };
		1F53A2651E898CC70091FF94 /* Courses.cpp */ = {isa = PBXFileReference; fileEncoding = 4; lastKnownFileType = sourcecode.cpp.cpp; path = Courses.cpp; sourceTree = "<group>"; };
		1F53A2681E898CD40091FF94 /* Courses.h */ = {isa = PBXFileReference; lastKnownFileType = sourcecode.c.h; path = Courses.h; sourceTree = "<group>"; };
		1F53A2691E898CF00091FF94 /* Person.cpp */ = {isa = PBXFileReference; fileEncoding = 4; lastKnownFileType = sourcecode.cpp.cpp; path = Person.cpp; sourceTree = "<group>"; };
		1F53A26C1E898D0A0091FF94 /* Person.h */ = {isa = PBXFileReference; lastKnownFileType = sourcecode.c.h; path = Person.h; sourceTree = "<group>"; };
		1F53A26D1E8990170091FF94 /* Teacher.cpp */ = {isa = PBXFileReference; fileEncoding = 4; lastKnownFileType = sourcecode.cpp.cpp; path = Teacher.cpp; sourceTree = "<group>"; };
		1F53A26F1E89901F0091FF94 /* Teacher.h */ = {isa = PBXFileReference; lastKnownFileType = sourcecode.c.h; path = Teacher.h; sourceTree = "<group>"; };
		1F5FF0871E70939B0018AA13 /* Assignment_3 */ = {isa = PBXFileReference; explicitFileType = "compiled.mach-o.executable"; includeInIndex = 0; path = Assignment_3; sourceTree = BUILT_PRODUCTS_DIR; };
		1F5FF08A1E70939B0018AA13 /* main.cpp */ = {isa = PBXFileReference; lastKnownFileType = sourcecode.cpp.cpp; path = main.cpp; sourceTree = "<group>"; };
		1F5FF0911E7094A00018AA13 /* Classes.cpp */ = {isa = PBXFileReference; fileEncoding = 4; lastKnownFileType = sourcecode.cpp.cpp; path = Classes.cpp; sourceTree = "<group>"; };
		1F5FF0931E7094C60018AA13 /* Header.h */ = {isa = PBXFileReference; lastKnownFileType = sourcecode.c.h; path = Header.h; sourceTree = "<group>"; };
/* End PBXFileReference section */

/* Begin PBXFrameworksBuildPhase section */
		1F5FF0841E70939B0018AA13 /* Frameworks */ = {
			isa = PBXFrameworksBuildPhase;
			buildActionMask = 2147483647;
			files = (
			);
			runOnlyForDeploymentPostprocessing = 0;
		};
/* End PBXFrameworksBuildPhase section */

/* Begin PBXGroup section */
		1F53A2711E8990300091FF94 /* Person */ = {
			isa = PBXGroup;
			children = (
			);
			name = Person;
			sourceTree = "<group>";
		};
		1F53A2721E8990360091FF94 /* Student */ = {
			isa = PBXGroup;
			children = (
			);
			name = Student;
			sourceTree = "<group>";
		};
		1F53A2731E89903F0091FF94 /* Teacher */ = {
			isa = PBXGroup;
			children = (
			);
			name = Teacher;
			sourceTree = "<group>";
		};
		1F53A2741E8990440091FF94 /* Courses */ = {
			isa = PBXGroup;
			children = (
			);
			name = Courses;
			sourceTree = "<group>";
		};
		1F5FF07E1E70939A0018AA13 = {
			isa = PBXGroup;
			children = (
				1F5FF0891E70939B0018AA13 /* Assignment_3 */,
				1F5FF0881E70939B0018AA13 /* Products */,
			);
			sourceTree = "<group>";
		};
		1F5FF0881E70939B0018AA13 /* Products */ = {
			isa = PBXGroup;
			children = (
				1F5FF0871E70939B0018AA13 /* Assignment_3 */,
			);
			name = Products;
			sourceTree = "<group>";
		};
		1F5FF0891E70939B0018AA13 /* Assignment_3 */ = {
			isa = PBXGroup;
			children = (
				1F5FF08A1E70939B0018AA13 /* main.cpp */,
				1F5FF0931E7094C60018AA13 /* Header.h */,
				1F53A26C1E898D0A0091FF94 /* Person.h */,
				1F53A2641E898C9F0091FF94 /* Student.h */,
				1F53A26F1E89901F0091FF94 /* Teacher.h */,
				1F53A2681E898CD40091FF94 /* Courses.h */,
				1F53A2691E898CF00091FF94 /* Person.cpp */,
				1F53A2611E898C8B0091FF94 /* Student.cpp */,
				1F53A26D1E8990170091FF94 /* Teacher.cpp */,
				1F53A2651E898CC70091FF94 /* Courses.cpp */,
				1F5FF0911E7094A00018AA13 /* Classes.cpp */,
				1F53A2711E8990300091FF94 /* Person */,
				1F53A2721E8990360091FF94 /* Student */,
				1F53A2731E89903F0091FF94 /* Teacher */,
				1F53A2741E8990440091FF94 /* Courses */,
			);
			path = Assignment_3;
			sourceTree = "<group>";
		};
/* End PBXGroup section */

/* Begin PBXNativeTarget section */
		1F5FF0861E70939B0018AA13 /* Assignment_3 */ = {
			isa = PBXNativeTarget;
			buildConfigurationList = 1F5FF08E1E70939B0018AA13 /* Build configuration list for PBXNativeTarget "Assignment_3" */;
			buildPhases = (
				1F5FF0831E70939B0018AA13 /* Sources */,
				1F5FF0841E70939B0018AA13 /* Frameworks */,
				1F5FF0851E70939B0018AA13 /* CopyFiles */,
			);
			buildRules = (
			);
			dependencies = (
			);
			name = Assignment_3;
			productName = Assignment_3;
			productReference = 1F5FF0871E70939B0018AA13 /* Assignment_3 */;
			productType = "com.apple.product-type.tool";
		};
/* End PBXNativeTarget section */

/* Begin PBXProject section */
		1F5FF07F1E70939A0018AA13 /* Project object */ = {
			isa = PBXProject;
			attributes = {
				LastUpgradeCheck = 0800;
				ORGANIZATIONNAME = "Eddie of the House of Ren";
				TargetAttributes = {
					1F5FF0861E70939B0018AA13 = {
						CreatedOnToolsVersion = 8.0;
						ProvisioningStyle = Automatic;
					};
				};
			};
			buildConfigurationList = 1F5FF0821E70939A0018AA13 /* Build configuration list for PBXProject "Assignment_3" */;
			compatibilityVersion = "Xcode 3.2";
			developmentRegion = English;
			hasScannedForEncodings = 0;
			knownRegions = (
				en,
			);
			mainGroup = 1F5FF07E1E70939A0018AA13;
			productRefGroup = 1F5FF0881E70939B0018AA13 /* Products */;
			projectDirPath = "";
			projectRoot = "";
			targets = (
				1F5FF0861E70939B0018AA13 /* Assignment_3 */,
			);
		};
/* End PBXProject section */

/* Begin PBXSourcesBuildPhase section */
		1F5FF0831E70939B0018AA13 /* Sources */ = {
			isa = PBXSourcesBuildPhase;
			buildActionMask = 2147483647;
			files = (
				1F53A2671E898CC70091FF94 /* Courses.cpp in Sources */,
				1F53A2631E898C8B0091FF94 /* Student.cpp in Sources */,
				1F53A26E1E8990170091FF94 /* Teacher.cpp in Sources */,
				1F5FF0921E7094A00018AA13 /* Classes.cpp in Sources */,
				1F53A26B1E898CF00091FF94 /* Person.cpp in Sources */,
				1F5FF08B1E70939B0018AA13 /* main.cpp in Sources */,
			);
			runOnlyForDeploymentPostprocessing = 0;
		};
/* End PBXSourcesBuildPhase section */

/* Begin XCBuildConfiguration section */
		1F5FF08C1E70939B0018AA13 /* Debug */ = {
			isa = XCBuildConfiguration;
			buildSettings = {
				ALWAYS_SEARCH_USER_PATHS = NO;
				CLANG_ANALYZER_NONNULL = YES;
				CLANG_CXX_LANGUAGE_STANDARD = "gnu++0x";
				CLANG_CXX_LIBRARY = "libc++";
				CLANG_ENABLE_MODULES = YES;
				CLANG_ENABLE_OBJC_ARC = YES;
				CLANG_WARN_BOOL_CONVERSION = YES;
				CLANG_WARN_CONSTANT_CONVERSION = YES;
				CLANG_WARN_DIRECT_OBJC_ISA_USAGE = YES_ERROR;
				CLANG_WARN_DOCUMENTATION_COMMENTS = YES;
				CLANG_WARN_EMPTY_BODY = YES;
				CLANG_WARN_ENUM_CONVERSION = YES;
				CLANG_WARN_INFINITE_RECURSION = YES;
				CLANG_WARN_INT_CONVERSION = YES;
				CLANG_WARN_OBJC_ROOT_CLASS = YES_ERROR;
				CLANG_WARN_SUSPICIOUS_MOVES = YES;
				CLANG_WARN_UNREACHABLE_CODE = YES;
				CLANG_WARN__DUPLICATE_METHOD_MATCH = YES;
				CODE_SIGN_IDENTITY = "-";
				COPY_PHASE_STRIP = NO;
				DEBUG_INFORMATION_FORMAT = dwarf;
				ENABLE_STRICT_OBJC_MSGSEND = YES;
				ENABLE_TESTABILITY = YES;
				GCC_C_LANGUAGE_STANDARD = gnu99;
				GCC_DYNAMIC_NO_PIC = NO;
				GCC_NO_COMMON_BLOCKS = YES;
				GCC_OPTIMIZATION_LEVEL = 0;
				GCC_PREPROCESSOR_DEFINITIONS = (
					"DEBUG=1",
					"$(inherited)",
				);
				GCC_WARN_64_TO_32_BIT_CONVERSION = YES;
				GCC_WARN_ABOUT_RETURN_TYPE = YES_ERROR;
				GCC_WARN_UNDECLARED_SELECTOR = YES;
				GCC_WARN_UNINITIALIZED_AUTOS = YES_AGGRESSIVE;
				GCC_WARN_UNUSED_FUNCTION = YES;
				GCC_WARN_UNUSED_VARIABLE = YES;
				MACOSX_DEPLOYMENT_TARGET = 10.12;
				MTL_ENABLE_DEBUG_INFO = YES;
				ONLY_ACTIVE_ARCH = YES;
				SDKROOT = macosx;
			};
			name = Debug;
		};
		1F5FF08D1E70939B0018AA13 /* Release */ = {
			isa = XCBuildConfiguration;
			buildSettings = {
				ALWAYS_SEARCH_USER_PATHS = NO;
				CLANG_ANALYZER_NONNULL = YES;
				CLANG_CXX_LANGUAGE_STANDARD = "gnu++0x";
				CLANG_CXX_LIBRARY = "libc++";
				CLANG_ENABLE_MODULES = YES;
				CLANG_ENABLE_OBJC_ARC = YES;
				CLANG_WARN_BOOL_CONVERSION = YES;
				CLANG_WARN_CONSTANT_CONVERSION = YES;
				CLANG_WARN_DIRECT_OBJC_ISA_USAGE = YES_ERROR;
				CLANG_WARN_DOCUMENTATION_COMMENTS = YES;
				CLANG_WARN_EMPTY_BODY = YES;
				CLANG_WARN_ENUM_CONVERSION = YES;
				CLANG_WARN_INFINITE_RECURSION = YES;
				CLANG_WARN_INT_CONVERSION = YES;
				CLANG_WARN_OBJC_ROOT_CLASS = YES_ERROR;
				CLANG_WARN_SUSPICIOUS_MOVES = YES;
				CLANG_WARN_UNREACHABLE_CODE = YES;
				CLANG_WARN__DUPLICATE_METHOD_MATCH = YES;
				CODE_SIGN_IDENTITY = "-";
				COPY_PHASE_STRIP = NO;
				DEBUG_INFORMATION_FORMAT = "dwarf-with-dsym";
				ENABLE_NS_ASSERTIONS = NO;
				ENABLE_STRICT_OBJC_MSGSEND = YES;
				GCC_C_LANGUAGE_STANDARD = gnu99;
				GCC_NO_COMMON_BLOCKS = YES;
				GCC_WARN_64_TO_32_BIT_CONVERSION = YES;
				GCC_WARN_ABOUT_RETURN_TYPE = YES_ERROR;
				GCC_WARN_UNDECLARED_SELECTOR = YES;
				GCC_WARN_UNINITIALIZED_AUTOS = YES_AGGRESSIVE;
				GCC_WARN_UNUSED_FUNCTION = YES;
				GCC_WARN_UNUSED_VARIABLE = YES;
				MACOSX_DEPLOYMENT_TARGET = 10.12;
				MTL_ENABLE_DEBUG_INFO = NO;
				SDKROOT = macosx;
			};
			name = Release;
		};
		1F5FF08F1E70939B0018AA13 /* Debug */ = {
			isa = XCBuildConfiguration;
			buildSettings = {
				PRODUCT_NAME = "$(TARGET_NAME)";
			};
			name = Debug;
		};
		1F5FF0901E70939B0018AA13 /* Release */ = {
			isa = XCBuildConfiguration;
			buildSettings = {
				PRODUCT_NAME = "$(TARGET_NAME)";
			};
			name = Release;
		};
/* End XCBuildConfiguration section */

/* Begin XCConfigurationList section */
		1F5FF0821E70939A0018AA13 /* Build configuration list for PBXProject "Assignment_3" */ = {
			isa = XCConfigurationList;
			buildConfigurations = (
				1F5FF08C1E70939B0018AA13 /* Debug */,
				1F5FF08D1E70939B0018AA13 /* Release */,
			);
			defaultConfigurationIsVisible = 0;
			defaultConfigurationName = Release;
		};
		1F5FF08E1E70939B0018AA13 /* Build configuration list for PBXNativeTarget "Assignment_3" */ = {
			isa = XCConfigurationList;
			buildConfigurations = (
				1F5FF08F1E70939B0018AA13 /* Debug */,
				1F5FF0901E70939B0018AA13 /* Release */,
			);
			defaultConfigurationIsVisible = 0;
			defaultConfigurationName = Release;
		};
/* End XCConfigurationList section */
	};
	rootObject = 1F5FF07F1E70939A0018AA13 /* Project object */;
}
