// !$*UTF8*$!
{
	archiveVersion = 1;
	classes = {
	};
	objectVersion = 46;
	objects = {

/* Begin PBXBuildFile section */
		1F15FBA01EAE36C300A45BDA /* GUI.cpp in Sources */ = {isa = PBXBuildFile; fileRef = 1F15FB9E1EAE36C300A45BDA /* GUI.cpp */; };
		1F1645B91E9FF63800CA637C /* Passenger.cpp in Sources */ = {isa = PBXBuildFile; fileRef = 1F1645B71E9FF63800CA637C /* Passenger.cpp */; };
		1FA8E5031EA643E800816002 /* Attendant.cpp in Sources */ = {isa = PBXBuildFile; fileRef = 1FA8E5011EA643E800816002 /* Attendant.cpp */; };
		1FBF80801E9EA48000A72444 /* main.cpp in Sources */ = {isa = PBXBuildFile; fileRef = 1FBF807F1E9EA48000A72444 /* main.cpp */; };
		1FBF80881E9EA4B300A72444 /* BasicInfo.cpp in Sources */ = {isa = PBXBuildFile; fileRef = 1FBF80861E9EA4B300A72444 /* BasicInfo.cpp */; };
		1FBF808B1E9EA74900A72444 /* Seat.cpp in Sources */ = {isa = PBXBuildFile; fileRef = 1FBF80891E9EA74900A72444 /* Seat.cpp */; };
		1FBF808E1E9EAE5E00A72444 /* Flight.cpp in Sources */ = {isa = PBXBuildFile; fileRef = 1FBF808C1E9EAE5E00A72444 /* Flight.cpp */; };
/* End PBXBuildFile section */

/* Begin PBXCopyFilesBuildPhase section */
		1FBF807A1E9EA48000A72444 /* CopyFiles */ = {
			isa = PBXCopyFilesBuildPhase;
			buildActionMask = 2147483647;
			dstPath = /usr/share/man/man1/;
			dstSubfolderSpec = 0;
			files = (
			);
			runOnlyForDeploymentPostprocessing = 1;
		};
/* End PBXCopyFilesBuildPhase section */

/* Begin PBXFileReference section */
		1F15FB9E1EAE36C300A45BDA /* GUI.cpp */ = {isa = PBXFileReference; fileEncoding = 4; lastKnownFileType = sourcecode.cpp.cpp; path = GUI.cpp; sourceTree = "<group>"; };
		1F15FB9F1EAE36C300A45BDA /* GUI.hpp */ = {isa = PBXFileReference; fileEncoding = 4; lastKnownFileType = sourcecode.cpp.h; path = GUI.hpp; sourceTree = "<group>"; };
		1F1645B71E9FF63800CA637C /* Passenger.cpp */ = {isa = PBXFileReference; fileEncoding = 4; lastKnownFileType = sourcecode.cpp.cpp; path = Passenger.cpp; sourceTree = "<group>"; };
		1F1645B81E9FF63800CA637C /* Passenger.hpp */ = {isa = PBXFileReference; fileEncoding = 4; lastKnownFileType = sourcecode.cpp.h; path = Passenger.hpp; sourceTree = "<group>"; };
		1FA8E5011EA643E800816002 /* Attendant.cpp */ = {isa = PBXFileReference; fileEncoding = 4; lastKnownFileType = sourcecode.cpp.cpp; path = Attendant.cpp; sourceTree = "<group>"; };
		1FA8E5021EA643E800816002 /* Attendant.hpp */ = {isa = PBXFileReference; fileEncoding = 4; lastKnownFileType = sourcecode.cpp.h; path = Attendant.hpp; sourceTree = "<group>"; };
		1FA8E52C1EA7CDDD00816002 /* Constants.h */ = {isa = PBXFileReference; lastKnownFileType = sourcecode.c.h; path = Constants.h; sourceTree = "<group>"; };
		1FBF807C1E9EA48000A72444 /* Air Tycoon (Summative) */ = {isa = PBXFileReference; explicitFileType = "compiled.mach-o.executable"; includeInIndex = 0; path = "Air Tycoon (Summative)"; sourceTree = BUILT_PRODUCTS_DIR; };
		1FBF807F1E9EA48000A72444 /* main.cpp */ = {isa = PBXFileReference; lastKnownFileType = sourcecode.cpp.cpp; path = main.cpp; sourceTree = "<group>"; };
		1FBF80861E9EA4B300A72444 /* BasicInfo.cpp */ = {isa = PBXFileReference; fileEncoding = 4; lastKnownFileType = sourcecode.cpp.cpp; path = BasicInfo.cpp; sourceTree = "<group>"; };
		1FBF80871E9EA4B300A72444 /* BasicInfo.hpp */ = {isa = PBXFileReference; fileEncoding = 4; lastKnownFileType = sourcecode.cpp.h; path = BasicInfo.hpp; sourceTree = "<group>"; };
		1FBF80891E9EA74900A72444 /* Seat.cpp */ = {isa = PBXFileReference; fileEncoding = 4; lastKnownFileType = sourcecode.cpp.cpp; path = Seat.cpp; sourceTree = "<group>"; };
		1FBF808A1E9EA74900A72444 /* Seat.hpp */ = {isa = PBXFileReference; fileEncoding = 4; lastKnownFileType = sourcecode.cpp.h; path = Seat.hpp; sourceTree = "<group>"; };
		1FBF808C1E9EAE5E00A72444 /* Flight.cpp */ = {isa = PBXFileReference; fileEncoding = 4; lastKnownFileType = sourcecode.cpp.cpp; path = Flight.cpp; sourceTree = "<group>"; };
		1FBF808D1E9EAE5E00A72444 /* Flight.hpp */ = {isa = PBXFileReference; fileEncoding = 4; lastKnownFileType = sourcecode.cpp.h; path = Flight.hpp; sourceTree = "<group>"; };
/* End PBXFileReference section */

/* Begin PBXFrameworksBuildPhase section */
		1FBF80791E9EA48000A72444 /* Frameworks */ = {
			isa = PBXFrameworksBuildPhase;
			buildActionMask = 2147483647;
			files = (
			);
			runOnlyForDeploymentPostprocessing = 0;
		};
/* End PBXFrameworksBuildPhase section */

/* Begin PBXGroup section */
		1FBF80731E9EA48000A72444 = {
			isa = PBXGroup;
			children = (
				1FBF807E1E9EA48000A72444 /* Air Tycoon (Summative) */,
				1FBF807D1E9EA48000A72444 /* Products */,
			);
			sourceTree = "<group>";
		};
		1FBF807D1E9EA48000A72444 /* Products */ = {
			isa = PBXGroup;
			children = (
				1FBF807C1E9EA48000A72444 /* Air Tycoon (Summative) */,
			);
			name = Products;
			sourceTree = "<group>";
		};
		1FBF807E1E9EA48000A72444 /* Air Tycoon (Summative) */ = {
			isa = PBXGroup;
			children = (
				1FBF807F1E9EA48000A72444 /* main.cpp */,
				1FBF808C1E9EAE5E00A72444 /* Flight.cpp */,
				1FBF808D1E9EAE5E00A72444 /* Flight.hpp */,
				1FBF80891E9EA74900A72444 /* Seat.cpp */,
				1FBF808A1E9EA74900A72444 /* Seat.hpp */,
				1FBF80861E9EA4B300A72444 /* BasicInfo.cpp */,
				1FBF80871E9EA4B300A72444 /* BasicInfo.hpp */,
				1F1645B71E9FF63800CA637C /* Passenger.cpp */,
				1F1645B81E9FF63800CA637C /* Passenger.hpp */,
				1FA8E5011EA643E800816002 /* Attendant.cpp */,
				1FA8E5021EA643E800816002 /* Attendant.hpp */,
				1F15FB9E1EAE36C300A45BDA /* GUI.cpp */,
				1F15FB9F1EAE36C300A45BDA /* GUI.hpp */,
				1FA8E52C1EA7CDDD00816002 /* Constants.h */,
			);
			path = "Air Tycoon (Summative)";
			sourceTree = "<group>";
		};
/* End PBXGroup section */

/* Begin PBXNativeTarget section */
		1FBF807B1E9EA48000A72444 /* Air Tycoon (Summative) */ = {
			isa = PBXNativeTarget;
			buildConfigurationList = 1FBF80831E9EA48000A72444 /* Build configuration list for PBXNativeTarget "Air Tycoon (Summative)" */;
			buildPhases = (
				1FBF80781E9EA48000A72444 /* Sources */,
				1FBF80791E9EA48000A72444 /* Frameworks */,
				1FBF807A1E9EA48000A72444 /* CopyFiles */,
			);
			buildRules = (
			);
			dependencies = (
			);
			name = "Air Tycoon (Summative)";
			productName = "Air Tycoon (Summative)";
			productReference = 1FBF807C1E9EA48000A72444 /* Air Tycoon (Summative) */;
			productType = "com.apple.product-type.tool";
		};
/* End PBXNativeTarget section */

/* Begin PBXProject section */
		1FBF80741E9EA48000A72444 /* Project object */ = {
			isa = PBXProject;
			attributes = {
				LastUpgradeCheck = 0830;
				ORGANIZATIONNAME = "Eddie of the House of Ren";
				TargetAttributes = {
					1FBF807B1E9EA48000A72444 = {
						CreatedOnToolsVersion = 8.3;
						DevelopmentTeam = 4BA7JNM5VD;
						ProvisioningStyle = Automatic;
					};
				};
			};
			buildConfigurationList = 1FBF80771E9EA48000A72444 /* Build configuration list for PBXProject "Air Tycoon (Summative)" */;
			compatibilityVersion = "Xcode 3.2";
			developmentRegion = English;
			hasScannedForEncodings = 0;
			knownRegions = (
				en,
			);
			mainGroup = 1FBF80731E9EA48000A72444;
			productRefGroup = 1FBF807D1E9EA48000A72444 /* Products */;
			projectDirPath = "";
			projectRoot = "";
			targets = (
				1FBF807B1E9EA48000A72444 /* Air Tycoon (Summative) */,
			);
		};
/* End PBXProject section */

/* Begin PBXSourcesBuildPhase section */
		1FBF80781E9EA48000A72444 /* Sources */ = {
			isa = PBXSourcesBuildPhase;
			buildActionMask = 2147483647;
			files = (
				1F1645B91E9FF63800CA637C /* Passenger.cpp in Sources */,
				1FBF808B1E9EA74900A72444 /* Seat.cpp in Sources */,
				1F15FBA01EAE36C300A45BDA /* GUI.cpp in Sources */,
				1FBF808E1E9EAE5E00A72444 /* Flight.cpp in Sources */,
				1FBF80881E9EA4B300A72444 /* BasicInfo.cpp in Sources */,
				1FBF80801E9EA48000A72444 /* main.cpp in Sources */,
				1FA8E5031EA643E800816002 /* Attendant.cpp in Sources */,
			);
			runOnlyForDeploymentPostprocessing = 0;
		};
/* End PBXSourcesBuildPhase section */

/* Begin XCBuildConfiguration section */
		1FBF80811E9EA48000A72444 /* Debug */ = {
			isa = XCBuildConfiguration;
			buildSettings = {
				ALWAYS_SEARCH_USER_PATHS = NO;
				CLANG_ANALYZER_NONNULL = YES;
				CLANG_ANALYZER_NUMBER_OBJECT_CONVERSION = YES_AGGRESSIVE;
				CLANG_CXX_LANGUAGE_STANDARD = "gnu++0x";
				CLANG_CXX_LIBRARY = "libc++";
				CLANG_ENABLE_MODULES = YES;
				CLANG_ENABLE_OBJC_ARC = YES;
				CLANG_WARN_BOOL_CONVERSION = YES;
				CLANG_WARN_CONSTANT_CONVERSION = YES;
				CLANG_WARN_DIRECT_OBJC_ISA_USAGE = YES_ERROR;
				CLANG_WARN_DOCUMENTATION_COMMENTS = YES;
				CLANG_WARN_EMPTY_BODY = YES;
				CLANG_WARN_ENUM_CONVERSION = YES;
				CLANG_WARN_INFINITE_RECURSION = YES;
				CLANG_WARN_INT_CONVERSION = YES;
				CLANG_WARN_OBJC_ROOT_CLASS = YES_ERROR;
				CLANG_WARN_SUSPICIOUS_MOVE = YES;
				CLANG_WARN_UNREACHABLE_CODE = YES;
				CLANG_WARN__DUPLICATE_METHOD_MATCH = YES;
				CODE_SIGN_IDENTITY = "-";
				COPY_PHASE_STRIP = NO;
				DEBUG_INFORMATION_FORMAT = dwarf;
				ENABLE_STRICT_OBJC_MSGSEND = YES;
				ENABLE_TESTABILITY = YES;
				GCC_C_LANGUAGE_STANDARD = gnu99;
				GCC_DYNAMIC_NO_PIC = NO;
				GCC_NO_COMMON_BLOCKS = YES;
				GCC_OPTIMIZATION_LEVEL = 0;
				GCC_PREPROCESSOR_DEFINITIONS = (
					"DEBUG=1",
					"$(inherited)",
				);
				GCC_WARN_64_TO_32_BIT_CONVERSION = YES;
				GCC_WARN_ABOUT_RETURN_TYPE = YES_ERROR;
				GCC_WARN_UNDECLARED_SELECTOR = YES;
				GCC_WARN_UNINITIALIZED_AUTOS = YES_AGGRESSIVE;
				GCC_WARN_UNUSED_FUNCTION = YES;
				GCC_WARN_UNUSED_VARIABLE = YES;
				MACOSX_DEPLOYMENT_TARGET = 10.12;
				MTL_ENABLE_DEBUG_INFO = YES;
				ONLY_ACTIVE_ARCH = YES;
				SDKROOT = macosx;
			};
			name = Debug;
		};
		1FBF80821E9EA48000A72444 /* Release */ = {
			isa = XCBuildConfiguration;
			buildSettings = {
				ALWAYS_SEARCH_USER_PATHS = NO;
				CLANG_ANALYZER_NONNULL = YES;
				CLANG_ANALYZER_NUMBER_OBJECT_CONVERSION = YES_AGGRESSIVE;
				CLANG_CXX_LANGUAGE_STANDARD = "gnu++0x";
				CLANG_CXX_LIBRARY = "libc++";
				CLANG_ENABLE_MODULES = YES;
				CLANG_ENABLE_OBJC_ARC = YES;
				CLANG_WARN_BOOL_CONVERSION = YES;
				CLANG_WARN_CONSTANT_CONVERSION = YES;
				CLANG_WARN_DIRECT_OBJC_ISA_USAGE = YES_ERROR;
				CLANG_WARN_DOCUMENTATION_COMMENTS = YES;
				CLANG_WARN_EMPTY_BODY = YES;
				CLANG_WARN_ENUM_CONVERSION = YES;
				CLANG_WARN_INFINITE_RECURSION = YES;
				CLANG_WARN_INT_CONVERSION = YES;
				CLANG_WARN_OBJC_ROOT_CLASS = YES_ERROR;
				CLANG_WARN_SUSPICIOUS_MOVE = YES;
				CLANG_WARN_UNREACHABLE_CODE = YES;
				CLANG_WARN__DUPLICATE_METHOD_MATCH = YES;
				CODE_SIGN_IDENTITY = "-";
				COPY_PHASE_STRIP = NO;
				DEBUG_INFORMATION_FORMAT = "dwarf-with-dsym";
				ENABLE_NS_ASSERTIONS = NO;
				ENABLE_STRICT_OBJC_MSGSEND = YES;
				GCC_C_LANGUAGE_STANDARD = gnu99;
				GCC_NO_COMMON_BLOCKS = YES;
				GCC_WARN_64_TO_32_BIT_CONVERSION = YES;
				GCC_WARN_ABOUT_RETURN_TYPE = YES_ERROR;
				GCC_WARN_UNDECLARED_SELECTOR = YES;
				GCC_WARN_UNINITIALIZED_AUTOS = YES_AGGRESSIVE;
				GCC_WARN_UNUSED_FUNCTION = YES;
				GCC_WARN_UNUSED_VARIABLE = YES;
				MACOSX_DEPLOYMENT_TARGET = 10.12;
				MTL_ENABLE_DEBUG_INFO = NO;
				SDKROOT = macosx;
			};
			name = Release;
		};
		1FBF80841E9EA48000A72444 /* Debug */ = {
			isa = XCBuildConfiguration;
			buildSettings = {
				DEVELOPMENT_TEAM = 4BA7JNM5VD;
				PRODUCT_NAME = "$(TARGET_NAME)";
			};
			name = Debug;
		};
		1FBF80851E9EA48000A72444 /* Release */ = {
			isa = XCBuildConfiguration;
			buildSettings = {
				DEVELOPMENT_TEAM = 4BA7JNM5VD;
				PRODUCT_NAME = "$(TARGET_NAME)";
			};
			name = Release;
		};
/* End XCBuildConfiguration section */

/* Begin XCConfigurationList section */
		1FBF80771E9EA48000A72444 /* Build configuration list for PBXProject "Air Tycoon (Summative)" */ = {
			isa = XCConfigurationList;
			buildConfigurations = (
				1FBF80811E9EA48000A72444 /* Debug */,
				1FBF80821E9EA48000A72444 /* Release */,
			);
			defaultConfigurationIsVisible = 0;
			defaultConfigurationName = Release;
		};
		1FBF80831E9EA48000A72444 /* Build configuration list for PBXNativeTarget "Air Tycoon (Summative)" */ = {
			isa = XCConfigurationList;
			buildConfigurations = (
				1FBF80841E9EA48000A72444 /* Debug */,
				1FBF80851E9EA48000A72444 /* Release */,
			);
			defaultConfigurationIsVisible = 0;
			defaultConfigurationName = Release;
		};
/* End XCConfigurationList section */
	};
	rootObject = 1FBF80741E9EA48000A72444 /* Project object */;
}
